// !$*UTF8*$!
{
	archiveVersion = 1;
	classes = {
	};
	objectVersion = 55;
	objects = {

/* Begin PBXBuildFile section */
		7A3CACF3298A2E1600DD1998 /* AppDelegate.m in Sources */ = {isa = PBXBuildFile; fileRef = 7A3CACF2298A2E1600DD1998 /* AppDelegate.m */; };
		7A3CACF6298A2E1600DD1998 /* SceneDelegate.m in Sources */ = {isa = PBXBuildFile; fileRef = 7A3CACF5298A2E1600DD1998 /* SceneDelegate.m */; };
		7A3CACF9298A2E1600DD1998 /* ViewController.mm in Sources */ = {isa = PBXBuildFile; fileRef = 7A3CACF8298A2E1600DD1998 /* ViewController.mm */; };
		7A3CACFC298A2E1600DD1998 /* Main.storyboard in Resources */ = {isa = PBXBuildFile; fileRef = 7A3CACFA298A2E1600DD1998 /* Main.storyboard */; };
		7A3CACFE298A2E1700DD1998 /* Assets.xcassets in Resources */ = {isa = PBXBuildFile; fileRef = 7A3CACFD298A2E1700DD1998 /* Assets.xcassets */; };
		7A3CAD01298A2E1700DD1998 /* LaunchScreen.storyboard in Resources */ = {isa = PBXBuildFile; fileRef = 7A3CACFF298A2E1700DD1998 /* LaunchScreen.storyboard */; };
		7A3CAD04298A2E1700DD1998 /* main.m in Sources */ = {isa = PBXBuildFile; fileRef = 7A3CAD03298A2E1700DD1998 /* main.m */; };
		7A4B34A929A887C1009753FC /* UECommInterface.cpp in Sources */ = {isa = PBXBuildFile; fileRef = 7A4B34A729A887C1009753FC /* UECommInterface.cpp */; };
		7A85948929AC639F00D6B51A /* SceneViewController.m in Sources */ = {isa = PBXBuildFile; fileRef = 7A85948829AC639F00D6B51A /* SceneViewController.m */; };
		7AD8A61B299F97DD00257E1D /* IOSFramework.framework in Frameworks */ = {isa = PBXBuildFile; fileRef = 7AD8A61A299F97DD00257E1D /* IOSFramework.framework */; };
		7AD8A61E299F985400257E1D /* TABundle.bundle in Resources */ = {isa = PBXBuildFile; fileRef = 7AD8A61D299F985400257E1D /* TABundle.bundle */; };
/* End PBXBuildFile section */

/* Begin PBXContainerItemProxy section */
		7ACB5AA029964FE80005E0D5 /* PBXContainerItemProxy */ = {
			isa = PBXContainerItemProxy;
			containerPortal = 7ACB5A9C29964FE80005E0D5 /* QB_TA_iOS.xcodeproj */;
			proxyType = 2;
			remoteGlobalIDString = 7AC8D5FA29875A07001E9F12;
			remoteInfo = IOSFramework;
		};
/* End PBXContainerItemProxy section */

/* Begin PBXFileReference section */
		7A3CACEE298A2E1600DD1998 /* QBTA_Dev.app */ = {isa = PBXFileReference; explicitFileType = wrapper.application; includeInIndex = 0; path = QBTA_Dev.app; sourceTree = BUILT_PRODUCTS_DIR; };
		7A3CACF1298A2E1600DD1998 /* AppDelegate.h */ = {isa = PBXFileReference; lastKnownFileType = sourcecode.c.h; path = AppDelegate.h; sourceTree = "<group>"; };
		7A3CACF2298A2E1600DD1998 /* AppDelegate.m */ = {isa = PBXFileReference; lastKnownFileType = sourcecode.c.objc; path = AppDelegate.m; sourceTree = "<group>"; };
		7A3CACF4298A2E1600DD1998 /* SceneDelegate.h */ = {isa = PBXFileReference; lastKnownFileType = sourcecode.c.h; path = SceneDelegate.h; sourceTree = "<group>"; };
		7A3CACF5298A2E1600DD1998 /* SceneDelegate.m */ = {isa = PBXFileReference; lastKnownFileType = sourcecode.c.objc; path = SceneDelegate.m; sourceTree = "<group>"; };
		7A3CACF7298A2E1600DD1998 /* ViewController.h */ = {isa = PBXFileReference; lastKnownFileType = sourcecode.c.h; path = ViewController.h; sourceTree = "<group>"; };
		7A3CACF8298A2E1600DD1998 /* ViewController.mm */ = {isa = PBXFileReference; explicitFileType = sourcecode.cpp.objcpp; path = ViewController.mm; sourceTree = "<group>"; };
		7A3CACFB298A2E1600DD1998 /* Base */ = {isa = PBXFileReference; lastKnownFileType = file.storyboard; name = Base; path = Base.lproj/Main.storyboard; sourceTree = "<group>"; };
		7A3CACFD298A2E1700DD1998 /* Assets.xcassets */ = {isa = PBXFileReference; lastKnownFileType = folder.assetcatalog; path = Assets.xcassets; sourceTree = "<group>"; };
		7A3CAD00298A2E1700DD1998 /* Base */ = {isa = PBXFileReference; lastKnownFileType = file.storyboard; name = Base; path = Base.lproj/LaunchScreen.storyboard; sourceTree = "<group>"; };
		7A3CAD02298A2E1700DD1998 /* Info.plist */ = {isa = PBXFileReference; lastKnownFileType = text.plist.xml; path = Info.plist; sourceTree = "<group>"; };
		7A3CAD03298A2E1700DD1998 /* main.m */ = {isa = PBXFileReference; lastKnownFileType = sourcecode.c.objc; path = main.m; sourceTree = "<group>"; };
		7A4B34A729A887C1009753FC /* UECommInterface.cpp */ = {isa = PBXFileReference; explicitFileType = sourcecode.cpp.objcpp.preprocessed; fileEncoding = 4; path = UECommInterface.cpp; sourceTree = "<group>"; };
		7A4B34A829A887C1009753FC /* UECommInterface.h */ = {isa = PBXFileReference; fileEncoding = 4; lastKnownFileType = sourcecode.c.h; path = UECommInterface.h; sourceTree = "<group>"; };
		7A85948729AC639F00D6B51A /* SceneViewController.h */ = {isa = PBXFileReference; lastKnownFileType = sourcecode.c.h; path = SceneViewController.h; sourceTree = "<group>"; };
		7A85948829AC639F00D6B51A /* SceneViewController.m */ = {isa = PBXFileReference; lastKnownFileType = sourcecode.c.objc; path = SceneViewController.m; sourceTree = "<group>"; };
		7ACB5A9C29964FE80005E0D5 /* QB_TA_iOS.xcodeproj */ = {isa = PBXFileReference; lastKnownFileType = "wrapper.pb-project"; name = QB_TA_iOS.xcodeproj; path = QB_TA_iOS/QB_TA_iOS.xcodeproj; sourceTree = "<group>"; };
		7AD8A61A299F97DD00257E1D /* IOSFramework.framework */ = {isa = PBXFileReference; lastKnownFileType = wrapper.framework; name = IOSFramework.framework; path = "../../../Library/Developer/Xcode/DerivedData/QBTA_Dev-hjkdpgldqoyymgdzgngxbsusxrvn/Build/Products/Debug-iphonesimulator/IOSFramework.framework"; sourceTree = "<group>"; };
		7AD8A61D299F985400257E1D /* TABundle.bundle */ = {isa = PBXFileReference; lastKnownFileType = "wrapper.plug-in"; name = TABundle.bundle; path = QB_TA_iOS/IOSFramework/Resource/TABundle.bundle; sourceTree = "<group>"; };
/* End PBXFileReference section */

/* Begin PBXFrameworksBuildPhase section */
		7A3CACEB298A2E1600DD1998 /* Frameworks */ = {
			isa = PBXFrameworksBuildPhase;
			buildActionMask = 2147483647;
			files = (
				7AD8A61B299F97DD00257E1D /* IOSFramework.framework in Frameworks */,
			);
			runOnlyForDeploymentPostprocessing = 0;
		};
/* End PBXFrameworksBuildPhase section */

/* Begin PBXGroup section */
		7A3CACE5298A2E1600DD1998 = {
			isa = PBXGroup;
			children = (
				7AD8A61D299F985400257E1D /* TABundle.bundle */,
				7ACB5A9C29964FE80005E0D5 /* QB_TA_iOS.xcodeproj */,
				7A3CACF0298A2E1600DD1998 /* QBTA_Dev */,
				7A3CACEF298A2E1600DD1998 /* Products */,
				7A3CAD12298A2E7200DD1998 /* Frameworks */,
			);
			sourceTree = "<group>";
		};
		7A3CACEF298A2E1600DD1998 /* Products */ = {
			isa = PBXGroup;
			children = (
				7A3CACEE298A2E1600DD1998 /* QBTA_Dev.app */,
			);
			name = Products;
			sourceTree = "<group>";
		};
		7A3CACF0298A2E1600DD1998 /* QBTA_Dev */ = {
			isa = PBXGroup;
			children = (
				7A3CACF1298A2E1600DD1998 /* AppDelegate.h */,
				7A3CACF2298A2E1600DD1998 /* AppDelegate.m */,
				7A3CACF4298A2E1600DD1998 /* SceneDelegate.h */,
				7A3CACF5298A2E1600DD1998 /* SceneDelegate.m */,
				7A3CACF7298A2E1600DD1998 /* ViewController.h */,
				7A3CACF8298A2E1600DD1998 /* ViewController.mm */,
				7A85948729AC639F00D6B51A /* SceneViewController.h */,
				7A85948829AC639F00D6B51A /* SceneViewController.m */,
				7A4B34A829A887C1009753FC /* UECommInterface.h */,
				7A4B34A729A887C1009753FC /* UECommInterface.cpp */,
				7A3CACFA298A2E1600DD1998 /* Main.storyboard */,
				7A3CACFD298A2E1700DD1998 /* Assets.xcassets */,
				7A3CACFF298A2E1700DD1998 /* LaunchScreen.storyboard */,
				7A3CAD02298A2E1700DD1998 /* Info.plist */,
				7A3CAD03298A2E1700DD1998 /* main.m */,
			);
			path = QBTA_Dev;
			sourceTree = "<group>";
		};
		7A3CAD12298A2E7200DD1998 /* Frameworks */ = {
			isa = PBXGroup;
			children = (
				7AD8A61A299F97DD00257E1D /* IOSFramework.framework */,
			);
			name = Frameworks;
			sourceTree = "<group>";
		};
		7ACB5A9D29964FE80005E0D5 /* Products */ = {
			isa = PBXGroup;
			children = (
				7ACB5AA129964FE80005E0D5 /* IOSFramework.framework */,
			);
			name = Products;
			sourceTree = "<group>";
		};
/* End PBXGroup section */

/* Begin PBXNativeTarget section */
		7A3CACED298A2E1600DD1998 /* QBTA_Dev */ = {
			isa = PBXNativeTarget;
			buildConfigurationList = 7A3CAD07298A2E1700DD1998 /* Build configuration list for PBXNativeTarget "QBTA_Dev" */;
			buildPhases = (
				7A3CACEA298A2E1600DD1998 /* Sources */,
				7A3CACEB298A2E1600DD1998 /* Frameworks */,
				7A3CACEC298A2E1600DD1998 /* Resources */,
			);
			buildRules = (
			);
			dependencies = (
			);
			name = QBTA_Dev;
			productName = QBTA_Dev;
			productReference = 7A3CACEE298A2E1600DD1998 /* QBTA_Dev.app */;
			productType = "com.apple.product-type.application";
		};
/* End PBXNativeTarget section */

/* Begin PBXProject section */
		7A3CACE6298A2E1600DD1998 /* Project object */ = {
			isa = PBXProject;
			attributes = {
				BuildIndependentTargetsInParallel = 1;
				LastUpgradeCheck = 1320;
				TargetAttributes = {
					7A3CACED298A2E1600DD1998 = {
						CreatedOnToolsVersion = 13.2;
					};
				};
			};
			buildConfigurationList = 7A3CACE9298A2E1600DD1998 /* Build configuration list for PBXProject "QBTA_Dev" */;
			compatibilityVersion = "Xcode 13.0";
			developmentRegion = en;
			hasScannedForEncodings = 0;
			knownRegions = (
				en,
				Base,
			);
			mainGroup = 7A3CACE5298A2E1600DD1998;
			productRefGroup = 7A3CACEF298A2E1600DD1998 /* Products */;
			projectDirPath = "";
			projectReferences = (
				{
					ProductGroup = 7ACB5A9D29964FE80005E0D5 /* Products */;
					ProjectRef = 7ACB5A9C29964FE80005E0D5 /* QB_TA_iOS.xcodeproj */;
				},
			);
			projectRoot = "";
			targets = (
				7A3CACED298A2E1600DD1998 /* QBTA_Dev */,
			);
		};
/* End PBXProject section */

/* Begin PBXReferenceProxy section */
		7ACB5AA129964FE80005E0D5 /* IOSFramework.framework */ = {
			isa = PBXReferenceProxy;
			fileType = wrapper.framework;
			path = IOSFramework.framework;
			remoteRef = 7ACB5AA029964FE80005E0D5 /* PBXContainerItemProxy */;
			sourceTree = BUILT_PRODUCTS_DIR;
		};
/* End PBXReferenceProxy section */

/* Begin PBXResourcesBuildPhase section */
		7A3CACEC298A2E1600DD1998 /* Resources */ = {
			isa = PBXResourcesBuildPhase;
			buildActionMask = 2147483647;
			files = (
				7AD8A61E299F985400257E1D /* TABundle.bundle in Resources */,
				7A3CAD01298A2E1700DD1998 /* LaunchScreen.storyboard in Resources */,
				7A3CACFE298A2E1700DD1998 /* Assets.xcassets in Resources */,
				7A3CACFC298A2E1600DD1998 /* Main.storyboard in Resources */,
			);
			runOnlyForDeploymentPostprocessing = 0;
		};
/* End PBXResourcesBuildPhase section */

/* Begin PBXSourcesBuildPhase section */
		7A3CACEA298A2E1600DD1998 /* Sources */ = {
			isa = PBXSourcesBuildPhase;
			buildActionMask = 2147483647;
			files = (
				7A3CACF9298A2E1600DD1998 /* ViewController.mm in Sources */,
				7A4B34A929A887C1009753FC /* UECommInterface.cpp in Sources */,
				7A3CACF3298A2E1600DD1998 /* AppDelegate.m in Sources */,
				7A85948929AC639F00D6B51A /* SceneViewController.m in Sources */,
				7A3CAD04298A2E1700DD1998 /* main.m in Sources */,
				7A3CACF6298A2E1600DD1998 /* SceneDelegate.m in Sources */,
			);
			runOnlyForDeploymentPostprocessing = 0;
		};
/* End PBXSourcesBuildPhase section */

/* Begin PBXVariantGroup section */
		7A3CACFA298A2E1600DD1998 /* Main.storyboard */ = {
			isa = PBXVariantGroup;
			children = (
				7A3CACFB298A2E1600DD1998 /* Base */,
			);
			name = Main.storyboard;
			sourceTree = "<group>";
		};
		7A3CACFF298A2E1700DD1998 /* LaunchScreen.storyboard */ = {
			isa = PBXVariantGroup;
			children = (
				7A3CAD00298A2E1700DD1998 /* Base */,
			);
			name = LaunchScreen.storyboard;
			sourceTree = "<group>";
		};
/* End PBXVariantGroup section */

/* Begin XCBuildConfiguration section */
		7A3CAD05298A2E1700DD1998 /* Debug */ = {
			isa = XCBuildConfiguration;
			buildSettings = {
				ALWAYS_SEARCH_USER_PATHS = NO;
				CLANG_ANALYZER_NONNULL = YES;
				CLANG_ANALYZER_NUMBER_OBJECT_CONVERSION = YES_AGGRESSIVE;
				CLANG_CXX_LANGUAGE_STANDARD = "gnu++17";
				CLANG_CXX_LIBRARY = "libc++";
				CLANG_ENABLE_MODULES = YES;
				CLANG_ENABLE_OBJC_ARC = YES;
				CLANG_ENABLE_OBJC_WEAK = YES;
				CLANG_WARN_BLOCK_CAPTURE_AUTORELEASING = YES;
				CLANG_WARN_BOOL_CONVERSION = YES;
				CLANG_WARN_COMMA = YES;
				CLANG_WARN_CONSTANT_CONVERSION = YES;
				CLANG_WARN_DEPRECATED_OBJC_IMPLEMENTATIONS = YES;
				CLANG_WARN_DIRECT_OBJC_ISA_USAGE = YES_ERROR;
				CLANG_WARN_DOCUMENTATION_COMMENTS = YES;
				CLANG_WARN_EMPTY_BODY = YES;
				CLANG_WARN_ENUM_CONVERSION = YES;
				CLANG_WARN_INFINITE_RECURSION = YES;
				CLANG_WARN_INT_CONVERSION = YES;
				CLANG_WARN_NON_LITERAL_NULL_CONVERSION = YES;
				CLANG_WARN_OBJC_IMPLICIT_RETAIN_SELF = YES;
				CLANG_WARN_OBJC_LITERAL_CONVERSION = YES;
				CLANG_WARN_OBJC_ROOT_CLASS = YES_ERROR;
				CLANG_WARN_QUOTED_INCLUDE_IN_FRAMEWORK_HEADER = YES;
				CLANG_WARN_RANGE_LOOP_ANALYSIS = YES;
				CLANG_WARN_STRICT_PROTOTYPES = YES;
				CLANG_WARN_SUSPICIOUS_MOVE = YES;
				CLANG_WARN_UNGUARDED_AVAILABILITY = YES_AGGRESSIVE;
				CLANG_WARN_UNREACHABLE_CODE = YES;
				CLANG_WARN__DUPLICATE_METHOD_MATCH = YES;
				COPY_PHASE_STRIP = NO;
				DEBUG_INFORMATION_FORMAT = dwarf;
				ENABLE_STRICT_OBJC_MSGSEND = YES;
				ENABLE_TESTABILITY = YES;
				GCC_C_LANGUAGE_STANDARD = gnu11;
				GCC_DYNAMIC_NO_PIC = NO;
				GCC_NO_COMMON_BLOCKS = YES;
				GCC_OPTIMIZATION_LEVEL = 0;
				GCC_PREPROCESSOR_DEFINITIONS = (
					"DEBUG=1",
					"$(inherited)",
				);
				GCC_WARN_64_TO_32_BIT_CONVERSION = YES;
				GCC_WARN_ABOUT_RETURN_TYPE = YES_ERROR;
				GCC_WARN_UNDECLARED_SELECTOR = YES;
				GCC_WARN_UNINITIALIZED_AUTOS = YES_AGGRESSIVE;
				GCC_WARN_UNUSED_FUNCTION = YES;
				GCC_WARN_UNUSED_VARIABLE = YES;
				IPHONEOS_DEPLOYMENT_TARGET = 15.2;
				MTL_ENABLE_DEBUG_INFO = INCLUDE_SOURCE;
				MTL_FAST_MATH = YES;
				ONLY_ACTIVE_ARCH = YES;
				SDKROOT = iphoneos;
			};
			name = Debug;
		};
		7A3CAD06298A2E1700DD1998 /* Release */ = {
			isa = XCBuildConfiguration;
			buildSettings = {
				ALWAYS_SEARCH_USER_PATHS = NO;
				CLANG_ANALYZER_NONNULL = YES;
				CLANG_ANALYZER_NUMBER_OBJECT_CONVERSION = YES_AGGRESSIVE;
				CLANG_CXX_LANGUAGE_STANDARD = "gnu++17";
				CLANG_CXX_LIBRARY = "libc++";
				CLANG_ENABLE_MODULES = YES;
				CLANG_ENABLE_OBJC_ARC = YES;
				CLANG_ENABLE_OBJC_WEAK = YES;
				CLANG_WARN_BLOCK_CAPTURE_AUTORELEASING = YES;
				CLANG_WARN_BOOL_CONVERSION = YES;
				CLANG_WARN_COMMA = YES;
				CLANG_WARN_CONSTANT_CONVERSION = YES;
				CLANG_WARN_DEPRECATED_OBJC_IMPLEMENTATIONS = YES;
				CLANG_WARN_DIRECT_OBJC_ISA_USAGE = YES_ERROR;
				CLANG_WARN_DOCUMENTATION_COMMENTS = YES;
				CLANG_WARN_EMPTY_BODY = YES;
				CLANG_WARN_ENUM_CONVERSION = YES;
				CLANG_WARN_INFINITE_RECURSION = YES;
				CLANG_WARN_INT_CONVERSION = YES;
				CLANG_WARN_NON_LITERAL_NULL_CONVERSION = YES;
				CLANG_WARN_OBJC_IMPLICIT_RETAIN_SELF = YES;
				CLANG_WARN_OBJC_LITERAL_CONVERSION = YES;
				CLANG_WARN_OBJC_ROOT_CLASS = YES_ERROR;
				CLANG_WARN_QUOTED_INCLUDE_IN_FRAMEWORK_HEADER = YES;
				CLANG_WARN_RANGE_LOOP_ANALYSIS = YES;
				CLANG_WARN_STRICT_PROTOTYPES = YES;
				CLANG_WARN_SUSPICIOUS_MOVE = YES;
				CLANG_WARN_UNGUARDED_AVAILABILITY = YES_AGGRESSIVE;
				CLANG_WARN_UNREACHABLE_CODE = YES;
				CLANG_WARN__DUPLICATE_METHOD_MATCH = YES;
				COPY_PHASE_STRIP = NO;
				DEBUG_INFORMATION_FORMAT = "dwarf-with-dsym";
				ENABLE_NS_ASSERTIONS = NO;
				ENABLE_STRICT_OBJC_MSGSEND = YES;
				GCC_C_LANGUAGE_STANDARD = gnu11;
				GCC_NO_COMMON_BLOCKS = YES;
				GCC_WARN_64_TO_32_BIT_CONVERSION = YES;
				GCC_WARN_ABOUT_RETURN_TYPE = YES_ERROR;
				GCC_WARN_UNDECLARED_SELECTOR = YES;
				GCC_WARN_UNINITIALIZED_AUTOS = YES_AGGRESSIVE;
				GCC_WARN_UNUSED_FUNCTION = YES;
				GCC_WARN_UNUSED_VARIABLE = YES;
				IPHONEOS_DEPLOYMENT_TARGET = 15.2;
				MTL_ENABLE_DEBUG_INFO = NO;
				MTL_FAST_MATH = YES;
				SDKROOT = iphoneos;
				VALIDATE_PRODUCT = YES;
			};
			name = Release;
		};
		7A3CAD08298A2E1700DD1998 /* Debug */ = {
			isa = XCBuildConfiguration;
			buildSettings = {
				ASSETCATALOG_COMPILER_APPICON_NAME = AppIcon;
				ASSETCATALOG_COMPILER_GLOBAL_ACCENT_COLOR_NAME = AccentColor;
				CODE_SIGN_IDENTITY = "iPhone Developer";
				CODE_SIGN_STYLE = Manual;
				CURRENT_PROJECT_VERSION = 1;
				DEVELOPMENT_TEAM = 89A8Q6ZH7H;
				FRAMEWORK_SEARCH_PATHS = (
					"$(inherited)",
					"$(PROJECT_DIR)",
				);
				GENERATE_INFOPLIST_FILE = YES;
				HEADER_SEARCH_PATHS = "\"$(SRCROOT)/../QB_TA_iOS/IOSFramework\"";
				INFOPLIST_FILE = QBTA_Dev/Info.plist;
				INFOPLIST_KEY_UIApplicationSupportsIndirectInputEvents = YES;
				INFOPLIST_KEY_UILaunchStoryboardName = LaunchScreen;
				INFOPLIST_KEY_UIMainStoryboardFile = Main;
				INFOPLIST_KEY_UISupportedInterfaceOrientations = "UIInterfaceOrientationLandscapeRight UIInterfaceOrientationLandscapeLeft";
				INFOPLIST_KEY_UISupportedInterfaceOrientations_iPad = "UIInterfaceOrientationPortrait UIInterfaceOrientationPortraitUpsideDown UIInterfaceOrientationLandscapeLeft UIInterfaceOrientationLandscapeRight";
				INFOPLIST_KEY_UISupportedInterfaceOrientations_iPhone = "UIInterfaceOrientationPortrait UIInterfaceOrientationLandscapeLeft UIInterfaceOrientationLandscapeRight";
				IPHONEOS_DEPLOYMENT_TARGET = 13.0;
				LD_RUNPATH_SEARCH_PATHS = (
					"$(inherited)",
					"@executable_path/Frameworks",
				);
				MARKETING_VERSION = 1.0;
				OTHER_LDFLAGS = "-ObjC";
				PRODUCT_BUNDLE_IDENTIFIER = com.gsdata.qvr;
				PRODUCT_NAME = "$(TARGET_NAME)";
				PROVISIONING_PROFILE_SPECIFIER = qvrDev;
				SWIFT_EMIT_LOC_STRINGS = YES;
				TARGETED_DEVICE_FAMILY = 1;
			};
			name = Debug;
		};
		7A3CAD09298A2E1700DD1998 /* Release */ = {
			isa = XCBuildConfiguration;
			buildSettings = {
				ASSETCATALOG_COMPILER_APPICON_NAME = AppIcon;
				ASSETCATALOG_COMPILER_GLOBAL_ACCENT_COLOR_NAME = AccentColor;
				CODE_SIGN_IDENTITY = "iPhone Developer";
				CODE_SIGN_STYLE = Manual;
				CURRENT_PROJECT_VERSION = 1;
				DEVELOPMENT_TEAM = 89A8Q6ZH7H;
				FRAMEWORK_SEARCH_PATHS = (
					"$(inherited)",
					"$(PROJECT_DIR)",
				);
				GENERATE_INFOPLIST_FILE = YES;
				HEADER_SEARCH_PATHS = "\"$(SRCROOT)/../QB_TA_iOS/IOSFramework\"";
				INFOPLIST_FILE = QBTA_Dev/Info.plist;
				INFOPLIST_KEY_UIApplicationSupportsIndirectInputEvents = YES;
				INFOPLIST_KEY_UILaunchStoryboardName = LaunchScreen;
				INFOPLIST_KEY_UIMainStoryboardFile = Main;
				INFOPLIST_KEY_UISupportedInterfaceOrientations = "UIInterfaceOrientationLandscapeRight UIInterfaceOrientationLandscapeLeft";
				INFOPLIST_KEY_UISupportedInterfaceOrientations_iPad = "UIInterfaceOrientationPortrait UIInterfaceOrientationPortraitUpsideDown UIInterfaceOrientationLandscapeLeft UIInterfaceOrientationLandscapeRight";
				INFOPLIST_KEY_UISupportedInterfaceOrientations_iPhone = "UIInterfaceOrientationPortrait UIInterfaceOrientationLandscapeLeft UIInterfaceOrientationLandscapeRight";
				IPHONEOS_DEPLOYMENT_TARGET = 13.0;
				LD_RUNPATH_SEARCH_PATHS = (
					"$(inherited)",
					"@executable_path/Frameworks",
				);
				MARKETING_VERSION = 1.0;
				OTHER_LDFLAGS = "-ObjC";
				PRODUCT_BUNDLE_IDENTIFIER = com.gsdata.qvr;
				PRODUCT_NAME = "$(TARGET_NAME)";
				PROVISIONING_PROFILE_SPECIFIER = qvrDev;
				SWIFT_EMIT_LOC_STRINGS = YES;
				TARGETED_DEVICE_FAMILY = 1;
			};
			name = Release;
		};
/* End XCBuildConfiguration section */

/* Begin XCConfigurationList section */
		7A3CACE9298A2E1600DD1998 /* Build configuration list for PBXProject "QBTA_Dev" */ = {
			isa = XCConfigurationList;
			buildConfigurations = (
				7A3CAD05298A2E1700DD1998 /* Debug */,
				7A3CAD06298A2E1700DD1998 /* Release */,
			);
			defaultConfigurationIsVisible = 0;
			defaultConfigurationName = Release;
		};
		7A3CAD07298A2E1700DD1998 /* Build configuration list for PBXNativeTarget "QBTA_Dev" */ = {
			isa = XCConfigurationList;
			buildConfigurations = (
				7A3CAD08298A2E1700DD1998 /* Debug */,
				7A3CAD09298A2E1700DD1998 /* Release */,
			);
			defaultConfigurationIsVisible = 0;
			defaultConfigurationName = Release;
		};
/* End XCConfigurationList section */
	};
	rootObject = 7A3CACE6298A2E1600DD1998 /* Project object */;
}
