// !$*UTF8*$!
{
	archiveVersion = 1;
	classes = {
	};
	objectVersion = 55;
	objects = {

/* Begin PBXBuildFile section */
		7A0930BD29D15A190091623E /* ReplayKit.framework in Frameworks */ = {isa = PBXBuildFile; fileRef = 7A0930BC29D15A190091623E /* ReplayKit.framework */; };
		7A0930BE29D15A2B0091623E /* ReplayKit.framework in Frameworks */ = {isa = PBXBuildFile; fileRef = 7A0930BC29D15A190091623E /* ReplayKit.framework */; };
		7A1FD38129BB2622006C352F /* XxxxView.m in Sources */ = {isa = PBXBuildFile; fileRef = 7A1FD38029BB2622006C352F /* XxxxView.m */; };
		7A3CACF3298A2E1600DD1998 /* AppDelegate.m in Sources */ = {isa = PBXBuildFile; fileRef = 7A3CACF2298A2E1600DD1998 /* AppDelegate.m */; };
		7A3CACF6298A2E1600DD1998 /* SceneDelegate.m in Sources */ = {isa = PBXBuildFile; fileRef = 7A3CACF5298A2E1600DD1998 /* SceneDelegate.m */; };
		7A3CACF9298A2E1600DD1998 /* ViewController.mm in Sources */ = {isa = PBXBuildFile; fileRef = 7A3CACF8298A2E1600DD1998 /* ViewController.mm */; };
		7A3CACFC298A2E1600DD1998 /* Main.storyboard in Resources */ = {isa = PBXBuildFile; fileRef = 7A3CACFA298A2E1600DD1998 /* Main.storyboard */; };
		7A3CACFE298A2E1700DD1998 /* Assets.xcassets in Resources */ = {isa = PBXBuildFile; fileRef = 7A3CACFD298A2E1700DD1998 /* Assets.xcassets */; };
		7A3CAD01298A2E1700DD1998 /* LaunchScreen.storyboard in Resources */ = {isa = PBXBuildFile; fileRef = 7A3CACFF298A2E1700DD1998 /* LaunchScreen.storyboard */; };
		7A3CAD04298A2E1700DD1998 /* main.m in Sources */ = {isa = PBXBuildFile; fileRef = 7A3CAD03298A2E1700DD1998 /* main.m */; };
		7A4B34A929A887C1009753FC /* UECommInterface.cpp in Sources */ = {isa = PBXBuildFile; fileRef = 7A4B34A729A887C1009753FC /* UECommInterface.cpp */; };
		7AC5E95929CD6FB8006FB4C0 /* SampleHandler.m in Sources */ = {isa = PBXBuildFile; fileRef = 7AC5E95829CD6FB8006FB4C0 /* SampleHandler.m */; };
		7AC5E95D29CD6FB9006FB4C0 /* TXReplayKit_Screen.appex in Embed App Extensions */ = {isa = PBXBuildFile; fileRef = 7AC5E95429CD6FB8006FB4C0 /* TXReplayKit_Screen.appex */; settings = {ATTRIBUTES = (RemoveHeadersOnCopy, ); }; };
		7AC5E96129CD7063006FB4C0 /* TXLiteAVSDK_ReplayKitExt.framework in Frameworks */ = {isa = PBXBuildFile; fileRef = 7AC5E8F329CC45F1006FB4C0 /* TXLiteAVSDK_ReplayKitExt.framework */; };
		7AC5E96229CD7063006FB4C0 /* VideoToolbox.framework in Frameworks */ = {isa = PBXBuildFile; fileRef = 7AD4C22329CACC2C00AFE5A4 /* VideoToolbox.framework */; };
		7AC5E96329CD706A006FB4C0 /* libc++.tbd in Frameworks */ = {isa = PBXBuildFile; fileRef = 7AD4C22029CACC2C00AFE5A4 /* libc++.tbd */; };
		7AC5E96429CD706E006FB4C0 /* TXLiteAVSDK_TRTC.framework in Frameworks */ = {isa = PBXBuildFile; fileRef = 7AD4C21729CAC82B00AFE5A4 /* TXLiteAVSDK_TRTC.framework */; };
		7AC5E96529CD707E006FB4C0 /* Accelerate.framework in Frameworks */ = {isa = PBXBuildFile; fileRef = 7AD4C23029CACC2C00AFE5A4 /* Accelerate.framework */; };
		7AC5E96629CD7088006FB4C0 /* TXFFmpeg.xcframework in Frameworks */ = {isa = PBXBuildFile; fileRef = 7AD4C1ED29CAC7B500AFE5A4 /* TXFFmpeg.xcframework */; };
		7AC5E96729CD7088006FB4C0 /* TXSoundTouch.xcframework in Frameworks */ = {isa = PBXBuildFile; fileRef = 7AD4C1EC29CAC7B500AFE5A4 /* TXSoundTouch.xcframework */; };
		7AD4C21829CAC82B00AFE5A4 /* TXLiteAVSDK_TRTC.framework in Frameworks */ = {isa = PBXBuildFile; fileRef = 7AD4C21729CAC82B00AFE5A4 /* TXLiteAVSDK_TRTC.framework */; };
		7AD4C21929CAC83600AFE5A4 /* TXFFmpeg.xcframework in Frameworks */ = {isa = PBXBuildFile; fileRef = 7AD4C1ED29CAC7B500AFE5A4 /* TXFFmpeg.xcframework */; };
		7AD4C21A29CAC83600AFE5A4 /* TXFFmpeg.xcframework in Embed Frameworks */ = {isa = PBXBuildFile; fileRef = 7AD4C1ED29CAC7B500AFE5A4 /* TXFFmpeg.xcframework */; settings = {ATTRIBUTES = (CodeSignOnCopy, RemoveHeadersOnCopy, ); }; };
		7AD4C21B29CAC83800AFE5A4 /* TXSoundTouch.xcframework in Frameworks */ = {isa = PBXBuildFile; fileRef = 7AD4C1EC29CAC7B500AFE5A4 /* TXSoundTouch.xcframework */; };
		7AD4C21C29CAC83800AFE5A4 /* TXSoundTouch.xcframework in Embed Frameworks */ = {isa = PBXBuildFile; fileRef = 7AD4C1EC29CAC7B500AFE5A4 /* TXSoundTouch.xcframework */; settings = {ATTRIBUTES = (CodeSignOnCopy, RemoveHeadersOnCopy, ); }; };
		7AD4C21E29CACB7A00AFE5A4 /* IOSFramework.framework in Frameworks */ = {isa = PBXBuildFile; fileRef = 7AD4C21D29CACB7A00AFE5A4 /* IOSFramework.framework */; };
		7AD4C23529CACC2C00AFE5A4 /* libbz2.1.0.tbd in Frameworks */ = {isa = PBXBuildFile; fileRef = 7AD4C23429CACC2C00AFE5A4 /* libbz2.1.0.tbd */; };
		7AD4C23629CACC2C00AFE5A4 /* libresolv.tbd in Frameworks */ = {isa = PBXBuildFile; fileRef = 7AD4C22B29CACC2C00AFE5A4 /* libresolv.tbd */; };
		7AD4C23729CACC2C00AFE5A4 /* libsqlite3.0.tbd in Frameworks */ = {isa = PBXBuildFile; fileRef = 7AD4C23329CACC2C00AFE5A4 /* libsqlite3.0.tbd */; };
		7AD4C23829CACC2C00AFE5A4 /* libc++.tbd in Frameworks */ = {isa = PBXBuildFile; fileRef = 7AD4C22029CACC2C00AFE5A4 /* libc++.tbd */; };
		7AD4C23929CACC2C00AFE5A4 /* libiconv.2.4.0.tbd in Frameworks */ = {isa = PBXBuildFile; fileRef = 7AD4C22C29CACC2C00AFE5A4 /* libiconv.2.4.0.tbd */; };
		7AD4C23A29CACC2C00AFE5A4 /* libiconv.tbd in Frameworks */ = {isa = PBXBuildFile; fileRef = 7AD4C22829CACC2C00AFE5A4 /* libiconv.tbd */; };
		7AD4C23B29CACC5400AFE5A4 /* Photos.framework in Frameworks */ = {isa = PBXBuildFile; fileRef = 7AD4C22229CACC2C00AFE5A4 /* Photos.framework */; };
		7AD4C23C29CACC5400AFE5A4 /* Metal.framework in Frameworks */ = {isa = PBXBuildFile; fileRef = 7AD4C22E29CACC2C00AFE5A4 /* Metal.framework */; };
		7AD4C23D29CACC5400AFE5A4 /* CoreServices.framework in Frameworks */ = {isa = PBXBuildFile; fileRef = 7AD4C22529CACC2C00AFE5A4 /* CoreServices.framework */; };
		7AD4C23E29CACC5400AFE5A4 /* AudioToolbox.framework in Frameworks */ = {isa = PBXBuildFile; fileRef = 7AD4C22629CACC2C00AFE5A4 /* AudioToolbox.framework */; };
		7AD4C23F29CACC5400AFE5A4 /* CoreGraphics.framework in Frameworks */ = {isa = PBXBuildFile; fileRef = 7AD4C22129CACC2C00AFE5A4 /* CoreGraphics.framework */; };
		7AD4C24029CACC5400AFE5A4 /* QuartzCore.framework in Frameworks */ = {isa = PBXBuildFile; fileRef = 7AD4C22729CACC2C00AFE5A4 /* QuartzCore.framework */; };
		7AD4C24129CACC5400AFE5A4 /* OpenAL.framework in Frameworks */ = {isa = PBXBuildFile; fileRef = 7AD4C22929CACC2C00AFE5A4 /* OpenAL.framework */; };
		7AD4C24229CACC5400AFE5A4 /* MediaToolbox.framework in Frameworks */ = {isa = PBXBuildFile; fileRef = 7AD4C22A29CACC2C00AFE5A4 /* MediaToolbox.framework */; };
		7AD4C24529CACC5400AFE5A4 /* CoreMedia.framework in Frameworks */ = {isa = PBXBuildFile; fileRef = 7AD4C22D29CACC2C00AFE5A4 /* CoreMedia.framework */; };
		7AD4C24629CACC5400AFE5A4 /* MetalKit.framework in Frameworks */ = {isa = PBXBuildFile; fileRef = 7AD4C22F29CACC2C00AFE5A4 /* MetalKit.framework */; };
		7AD4C24729CACC5400AFE5A4 /* Accelerate.framework in Frameworks */ = {isa = PBXBuildFile; fileRef = 7AD4C23029CACC2C00AFE5A4 /* Accelerate.framework */; };
		7AD4C24829CACC5400AFE5A4 /* AVFoundation.framework in Frameworks */ = {isa = PBXBuildFile; fileRef = 7AD4C23229CACC2C00AFE5A4 /* AVFoundation.framework */; };
		7AD4C24929CACC5400AFE5A4 /* CoreTelephony.framework in Frameworks */ = {isa = PBXBuildFile; fileRef = 7AD4C22429CACC2C00AFE5A4 /* CoreTelephony.framework */; };
		7AD4C24A29CACC5400AFE5A4 /* SystemConfiguration.framework in Frameworks */ = {isa = PBXBuildFile; fileRef = 7AD4C21F29CACC2C00AFE5A4 /* SystemConfiguration.framework */; };
		7AD8A61E299F985400257E1D /* TABundle.bundle in Resources */ = {isa = PBXBuildFile; fileRef = 7AD8A61D299F985400257E1D /* TABundle.bundle */; };
/* End PBXBuildFile section */

/* Begin PBXContainerItemProxy section */
		7AC5E95B29CD6FB8006FB4C0 /* PBXContainerItemProxy */ = {
			isa = PBXContainerItemProxy;
			containerPortal = 7A3CACE6298A2E1600DD1998 /* Project object */;
			proxyType = 1;
			remoteGlobalIDString = 7AC5E95329CD6FB8006FB4C0;
			remoteInfo = TXReplayKit_Screen;
		};
		7ACB5AA029964FE80005E0D5 /* PBXContainerItemProxy */ = {
			isa = PBXContainerItemProxy;
			containerPortal = 7ACB5A9C29964FE80005E0D5 /* QB_TA_iOS.xcodeproj */;
			proxyType = 2;
			remoteGlobalIDString = 7AC8D5FA29875A07001E9F12;
			remoteInfo = IOSFramework;
		};
/* End PBXContainerItemProxy section */

/* Begin PBXCopyFilesBuildPhase section */
		7AC5E8EE29CC4544006FB4C0 /* Embed App Extensions */ = {
			isa = PBXCopyFilesBuildPhase;
			buildActionMask = 2147483647;
			dstPath = "";
			dstSubfolderSpec = 13;
			files = (
				7AC5E95D29CD6FB9006FB4C0 /* TXReplayKit_Screen.appex in Embed App Extensions */,
			);
			name = "Embed App Extensions";
			runOnlyForDeploymentPostprocessing = 0;
		};
		7AD4C1E329CAC50200AFE5A4 /* Embed Frameworks */ = {
			isa = PBXCopyFilesBuildPhase;
			buildActionMask = 2147483647;
			dstPath = "";
			dstSubfolderSpec = 10;
			files = (
				7AD4C21A29CAC83600AFE5A4 /* TXFFmpeg.xcframework in Embed Frameworks */,
				7AD4C21C29CAC83800AFE5A4 /* TXSoundTouch.xcframework in Embed Frameworks */,
			);
			name = "Embed Frameworks";
			runOnlyForDeploymentPostprocessing = 0;
		};
/* End PBXCopyFilesBuildPhase section */

/* Begin PBXFileReference section */
		7A0930BC29D15A190091623E /* ReplayKit.framework */ = {isa = PBXFileReference; lastKnownFileType = wrapper.framework; name = ReplayKit.framework; path = System/Library/Frameworks/ReplayKit.framework; sourceTree = SDKROOT; };
		7A1FD37F29BB2622006C352F /* XxxxView.h */ = {isa = PBXFileReference; lastKnownFileType = sourcecode.c.h; path = XxxxView.h; sourceTree = "<group>"; };
		7A1FD38029BB2622006C352F /* XxxxView.m */ = {isa = PBXFileReference; lastKnownFileType = sourcecode.c.objc; path = XxxxView.m; sourceTree = "<group>"; };
		7A23EE8F29CD813C00BB3A95 /* TXReplayKit_Screen.entitlements */ = {isa = PBXFileReference; lastKnownFileType = text.plist.entitlements; path = TXReplayKit_Screen.entitlements; sourceTree = "<group>"; };
		7A3CACEE298A2E1600DD1998 /* 清元宇宙.app */ = {isa = PBXFileReference; explicitFileType = wrapper.application; includeInIndex = 0; path = "清元宇宙.app"; sourceTree = BUILT_PRODUCTS_DIR; };
		7A3CACF1298A2E1600DD1998 /* AppDelegate.h */ = {isa = PBXFileReference; lastKnownFileType = sourcecode.c.h; path = AppDelegate.h; sourceTree = "<group>"; };
		7A3CACF2298A2E1600DD1998 /* AppDelegate.m */ = {isa = PBXFileReference; lastKnownFileType = sourcecode.c.objc; path = AppDelegate.m; sourceTree = "<group>"; };
		7A3CACF4298A2E1600DD1998 /* SceneDelegate.h */ = {isa = PBXFileReference; lastKnownFileType = sourcecode.c.h; path = SceneDelegate.h; sourceTree = "<group>"; };
		7A3CACF5298A2E1600DD1998 /* SceneDelegate.m */ = {isa = PBXFileReference; lastKnownFileType = sourcecode.c.objc; path = SceneDelegate.m; sourceTree = "<group>"; };
		7A3CACF7298A2E1600DD1998 /* ViewController.h */ = {isa = PBXFileReference; lastKnownFileType = sourcecode.c.h; path = ViewController.h; sourceTree = "<group>"; };
		7A3CACF8298A2E1600DD1998 /* ViewController.mm */ = {isa = PBXFileReference; explicitFileType = sourcecode.cpp.objcpp; path = ViewController.mm; sourceTree = "<group>"; };
		7A3CACFB298A2E1600DD1998 /* Base */ = {isa = PBXFileReference; lastKnownFileType = file.storyboard; name = Base; path = Base.lproj/Main.storyboard; sourceTree = "<group>"; };
		7A3CACFD298A2E1700DD1998 /* Assets.xcassets */ = {isa = PBXFileReference; lastKnownFileType = folder.assetcatalog; path = Assets.xcassets; sourceTree = "<group>"; };
		7A3CAD00298A2E1700DD1998 /* Base */ = {isa = PBXFileReference; lastKnownFileType = file.storyboard; name = Base; path = Base.lproj/LaunchScreen.storyboard; sourceTree = "<group>"; };
		7A3CAD02298A2E1700DD1998 /* Info.plist */ = {isa = PBXFileReference; lastKnownFileType = text.plist.xml; path = Info.plist; sourceTree = "<group>"; };
		7A3CAD03298A2E1700DD1998 /* main.m */ = {isa = PBXFileReference; lastKnownFileType = sourcecode.c.objc; path = main.m; sourceTree = "<group>"; };
		7A4B34A729A887C1009753FC /* UECommInterface.cpp */ = {isa = PBXFileReference; explicitFileType = sourcecode.cpp.objcpp.preprocessed; fileEncoding = 4; path = UECommInterface.cpp; sourceTree = "<group>"; };
		7A4B34A829A887C1009753FC /* UECommInterface.h */ = {isa = PBXFileReference; fileEncoding = 4; lastKnownFileType = sourcecode.c.h; path = UECommInterface.h; sourceTree = "<group>"; };
		7AC5E8F329CC45F1006FB4C0 /* TXLiteAVSDK_ReplayKitExt.framework */ = {isa = PBXFileReference; lastKnownFileType = wrapper.framework; name = TXLiteAVSDK_ReplayKitExt.framework; path = QB_TA_iOS/IOSFramework/Third/TX/TXLiteAVSDK_ReplayKitExt.framework; sourceTree = "<group>"; };
		7AC5E93629CD5303006FB4C0 /* QBTA_Dev.entitlements */ = {isa = PBXFileReference; lastKnownFileType = text.plist.entitlements; path = QBTA_Dev.entitlements; sourceTree = "<group>"; };
		7AC5E95429CD6FB8006FB4C0 /* TXReplayKit_Screen.appex */ = {isa = PBXFileReference; explicitFileType = "wrapper.app-extension"; includeInIndex = 0; path = TXReplayKit_Screen.appex; sourceTree = BUILT_PRODUCTS_DIR; };
		7AC5E95729CD6FB8006FB4C0 /* SampleHandler.h */ = {isa = PBXFileReference; lastKnownFileType = sourcecode.c.h; path = SampleHandler.h; sourceTree = "<group>"; };
		7AC5E95829CD6FB8006FB4C0 /* SampleHandler.m */ = {isa = PBXFileReference; lastKnownFileType = sourcecode.c.objc; path = SampleHandler.m; sourceTree = "<group>"; };
		7AC5E95A29CD6FB8006FB4C0 /* Info.plist */ = {isa = PBXFileReference; lastKnownFileType = text.plist.xml; path = Info.plist; sourceTree = "<group>"; };
		7ACB5A9C29964FE80005E0D5 /* QB_TA_iOS.xcodeproj */ = {isa = PBXFileReference; lastKnownFileType = "wrapper.pb-project"; name = QB_TA_iOS.xcodeproj; path = QB_TA_iOS/QB_TA_iOS.xcodeproj; sourceTree = "<group>"; };
		7AD4C1EC29CAC7B500AFE5A4 /* TXSoundTouch.xcframework */ = {isa = PBXFileReference; lastKnownFileType = wrapper.xcframework; name = TXSoundTouch.xcframework; path = QB_TA_iOS/IOSFramework/Third/TX/TXSoundTouch.xcframework; sourceTree = "<group>"; };
		7AD4C1ED29CAC7B500AFE5A4 /* TXFFmpeg.xcframework */ = {isa = PBXFileReference; lastKnownFileType = wrapper.xcframework; name = TXFFmpeg.xcframework; path = QB_TA_iOS/IOSFramework/Third/TX/TXFFmpeg.xcframework; sourceTree = "<group>"; };
		7AD4C21729CAC82B00AFE5A4 /* TXLiteAVSDK_TRTC.framework */ = {isa = PBXFileReference; lastKnownFileType = wrapper.framework; name = TXLiteAVSDK_TRTC.framework; path = QB_TA_iOS/IOSFramework/Third/TX/TXLiteAVSDK_TRTC.framework; sourceTree = "<group>"; };
		7AD4C21D29CACB7A00AFE5A4 /* IOSFramework.framework */ = {isa = PBXFileReference; lastKnownFileType = wrapper.framework; name = IOSFramework.framework; path = "../../../Library/Developer/Xcode/DerivedData/QBTA_Dev-hjkdpgldqoyymgdzgngxbsusxrvn/Build/Products/Release-iphoneos/IOSFramework.framework"; sourceTree = "<group>"; };
		7AD4C21F29CACC2C00AFE5A4 /* SystemConfiguration.framework */ = {isa = PBXFileReference; lastKnownFileType = wrapper.framework; name = SystemConfiguration.framework; path = System/Library/Frameworks/SystemConfiguration.framework; sourceTree = SDKROOT; };
		7AD4C22029CACC2C00AFE5A4 /* libc++.tbd */ = {isa = PBXFileReference; lastKnownFileType = "sourcecode.text-based-dylib-definition"; name = "libc++.tbd"; path = "usr/lib/libc++.tbd"; sourceTree = SDKROOT; };
		7AD4C22129CACC2C00AFE5A4 /* CoreGraphics.framework */ = {isa = PBXFileReference; lastKnownFileType = wrapper.framework; name = CoreGraphics.framework; path = System/Library/Frameworks/CoreGraphics.framework; sourceTree = SDKROOT; };
		7AD4C22229CACC2C00AFE5A4 /* Photos.framework */ = {isa = PBXFileReference; lastKnownFileType = wrapper.framework; name = Photos.framework; path = System/Library/Frameworks/Photos.framework; sourceTree = SDKROOT; };
		7AD4C22329CACC2C00AFE5A4 /* VideoToolbox.framework */ = {isa = PBXFileReference; lastKnownFileType = wrapper.framework; name = VideoToolbox.framework; path = System/Library/Frameworks/VideoToolbox.framework; sourceTree = SDKROOT; };
		7AD4C22429CACC2C00AFE5A4 /* CoreTelephony.framework */ = {isa = PBXFileReference; lastKnownFileType = wrapper.framework; name = CoreTelephony.framework; path = System/Library/Frameworks/CoreTelephony.framework; sourceTree = SDKROOT; };
		7AD4C22529CACC2C00AFE5A4 /* CoreServices.framework */ = {isa = PBXFileReference; lastKnownFileType = wrapper.framework; name = CoreServices.framework; path = System/Library/Frameworks/CoreServices.framework; sourceTree = SDKROOT; };
		7AD4C22629CACC2C00AFE5A4 /* AudioToolbox.framework */ = {isa = PBXFileReference; lastKnownFileType = wrapper.framework; name = AudioToolbox.framework; path = System/Library/Frameworks/AudioToolbox.framework; sourceTree = SDKROOT; };
		7AD4C22729CACC2C00AFE5A4 /* QuartzCore.framework */ = {isa = PBXFileReference; lastKnownFileType = wrapper.framework; name = QuartzCore.framework; path = System/Library/Frameworks/QuartzCore.framework; sourceTree = SDKROOT; };
		7AD4C22829CACC2C00AFE5A4 /* libiconv.tbd */ = {isa = PBXFileReference; lastKnownFileType = "sourcecode.text-based-dylib-definition"; name = libiconv.tbd; path = usr/lib/libiconv.tbd; sourceTree = SDKROOT; };
		7AD4C22929CACC2C00AFE5A4 /* OpenAL.framework */ = {isa = PBXFileReference; lastKnownFileType = wrapper.framework; name = OpenAL.framework; path = System/Library/Frameworks/OpenAL.framework; sourceTree = SDKROOT; };
		7AD4C22A29CACC2C00AFE5A4 /* MediaToolbox.framework */ = {isa = PBXFileReference; lastKnownFileType = wrapper.framework; name = MediaToolbox.framework; path = System/Library/Frameworks/MediaToolbox.framework; sourceTree = SDKROOT; };
		7AD4C22B29CACC2C00AFE5A4 /* libresolv.tbd */ = {isa = PBXFileReference; lastKnownFileType = "sourcecode.text-based-dylib-definition"; name = libresolv.tbd; path = usr/lib/libresolv.tbd; sourceTree = SDKROOT; };
		7AD4C22C29CACC2C00AFE5A4 /* libiconv.2.4.0.tbd */ = {isa = PBXFileReference; lastKnownFileType = "sourcecode.text-based-dylib-definition"; name = libiconv.2.4.0.tbd; path = usr/lib/libiconv.2.4.0.tbd; sourceTree = SDKROOT; };
		7AD4C22D29CACC2C00AFE5A4 /* CoreMedia.framework */ = {isa = PBXFileReference; lastKnownFileType = wrapper.framework; name = CoreMedia.framework; path = System/Library/Frameworks/CoreMedia.framework; sourceTree = SDKROOT; };
		7AD4C22E29CACC2C00AFE5A4 /* Metal.framework */ = {isa = PBXFileReference; lastKnownFileType = wrapper.framework; name = Metal.framework; path = System/Library/Frameworks/Metal.framework; sourceTree = SDKROOT; };
		7AD4C22F29CACC2C00AFE5A4 /* MetalKit.framework */ = {isa = PBXFileReference; lastKnownFileType = wrapper.framework; name = MetalKit.framework; path = System/Library/Frameworks/MetalKit.framework; sourceTree = SDKROOT; };
		7AD4C23029CACC2C00AFE5A4 /* Accelerate.framework */ = {isa = PBXFileReference; lastKnownFileType = wrapper.framework; name = Accelerate.framework; path = System/Library/Frameworks/Accelerate.framework; sourceTree = SDKROOT; };
		7AD4C23229CACC2C00AFE5A4 /* AVFoundation.framework */ = {isa = PBXFileReference; lastKnownFileType = wrapper.framework; name = AVFoundation.framework; path = System/Library/Frameworks/AVFoundation.framework; sourceTree = SDKROOT; };
		7AD4C23329CACC2C00AFE5A4 /* libsqlite3.0.tbd */ = {isa = PBXFileReference; lastKnownFileType = "sourcecode.text-based-dylib-definition"; name = libsqlite3.0.tbd; path = usr/lib/libsqlite3.0.tbd; sourceTree = SDKROOT; };
		7AD4C23429CACC2C00AFE5A4 /* libbz2.1.0.tbd */ = {isa = PBXFileReference; lastKnownFileType = "sourcecode.text-based-dylib-definition"; name = libbz2.1.0.tbd; path = usr/lib/libbz2.1.0.tbd; sourceTree = SDKROOT; };
		7AD8A61D299F985400257E1D /* TABundle.bundle */ = {isa = PBXFileReference; lastKnownFileType = "wrapper.plug-in"; name = TABundle.bundle; path = QB_TA_iOS/IOSFramework/Resource/TABundle.bundle; sourceTree = "<group>"; };
/* End PBXFileReference section */

/* Begin PBXFrameworksBuildPhase section */
		7A3CACEB298A2E1600DD1998 /* Frameworks */ = {
			isa = PBXFrameworksBuildPhase;
			buildActionMask = 2147483647;
			files = (
				7A0930BD29D15A190091623E /* ReplayKit.framework in Frameworks */,
				7AD4C23B29CACC5400AFE5A4 /* Photos.framework in Frameworks */,
				7AD4C23C29CACC5400AFE5A4 /* Metal.framework in Frameworks */,
				7AD4C23D29CACC5400AFE5A4 /* CoreServices.framework in Frameworks */,
				7AD4C23E29CACC5400AFE5A4 /* AudioToolbox.framework in Frameworks */,
				7AD4C23F29CACC5400AFE5A4 /* CoreGraphics.framework in Frameworks */,
				7AD4C24029CACC5400AFE5A4 /* QuartzCore.framework in Frameworks */,
				7AD4C24129CACC5400AFE5A4 /* OpenAL.framework in Frameworks */,
				7AD4C24229CACC5400AFE5A4 /* MediaToolbox.framework in Frameworks */,
				7AD4C24529CACC5400AFE5A4 /* CoreMedia.framework in Frameworks */,
				7AD4C24629CACC5400AFE5A4 /* MetalKit.framework in Frameworks */,
				7AD4C24729CACC5400AFE5A4 /* Accelerate.framework in Frameworks */,
				7AD4C24829CACC5400AFE5A4 /* AVFoundation.framework in Frameworks */,
				7AD4C24929CACC5400AFE5A4 /* CoreTelephony.framework in Frameworks */,
				7AD4C24A29CACC5400AFE5A4 /* SystemConfiguration.framework in Frameworks */,
				7AD4C21929CAC83600AFE5A4 /* TXFFmpeg.xcframework in Frameworks */,
				7AD4C21B29CAC83800AFE5A4 /* TXSoundTouch.xcframework in Frameworks */,
				7AD4C21829CAC82B00AFE5A4 /* TXLiteAVSDK_TRTC.framework in Frameworks */,
				7AD4C23529CACC2C00AFE5A4 /* libbz2.1.0.tbd in Frameworks */,
				7AD4C23829CACC2C00AFE5A4 /* libc++.tbd in Frameworks */,
				7AD4C23A29CACC2C00AFE5A4 /* libiconv.tbd in Frameworks */,
				7AD4C23929CACC2C00AFE5A4 /* libiconv.2.4.0.tbd in Frameworks */,
				7AD4C23629CACC2C00AFE5A4 /* libresolv.tbd in Frameworks */,
				7AD4C23729CACC2C00AFE5A4 /* libsqlite3.0.tbd in Frameworks */,
				7AD4C21E29CACB7A00AFE5A4 /* IOSFramework.framework in Frameworks */,
			);
			runOnlyForDeploymentPostprocessing = 0;
		};
		7AC5E95129CD6FB8006FB4C0 /* Frameworks */ = {
			isa = PBXFrameworksBuildPhase;
			buildActionMask = 2147483647;
			files = (
				7AC5E96429CD706E006FB4C0 /* TXLiteAVSDK_TRTC.framework in Frameworks */,
				7AC5E96129CD7063006FB4C0 /* TXLiteAVSDK_ReplayKitExt.framework in Frameworks */,
				7AC5E96529CD707E006FB4C0 /* Accelerate.framework in Frameworks */,
				7AC5E96329CD706A006FB4C0 /* libc++.tbd in Frameworks */,
				7A0930BE29D15A2B0091623E /* ReplayKit.framework in Frameworks */,
				7AC5E96629CD7088006FB4C0 /* TXFFmpeg.xcframework in Frameworks */,
				7AC5E96229CD7063006FB4C0 /* VideoToolbox.framework in Frameworks */,
				7AC5E96729CD7088006FB4C0 /* TXSoundTouch.xcframework in Frameworks */,
			);
			runOnlyForDeploymentPostprocessing = 0;
		};
/* End PBXFrameworksBuildPhase section */

/* Begin PBXGroup section */
		7A3CACE5298A2E1600DD1998 = {
			isa = PBXGroup;
			children = (
				7AD8A61D299F985400257E1D /* TABundle.bundle */,
				7ACB5A9C29964FE80005E0D5 /* QB_TA_iOS.xcodeproj */,
				7A3CACF0298A2E1600DD1998 /* QBTA_Dev */,
				7AC5E95629CD6FB8006FB4C0 /* TXReplayKit_Screen */,
				7A3CACEF298A2E1600DD1998 /* Products */,
				7A3CAD12298A2E7200DD1998 /* Frameworks */,
			);
			sourceTree = "<group>";
		};
		7A3CACEF298A2E1600DD1998 /* Products */ = {
			isa = PBXGroup;
			children = (
				7A3CACEE298A2E1600DD1998 /* 清元宇宙.app */,
				7AC5E95429CD6FB8006FB4C0 /* TXReplayKit_Screen.appex */,
			);
			name = Products;
			sourceTree = "<group>";
		};
		7A3CACF0298A2E1600DD1998 /* QBTA_Dev */ = {
			isa = PBXGroup;
			children = (
				7AC5E93629CD5303006FB4C0 /* QBTA_Dev.entitlements */,
				7A3CACF1298A2E1600DD1998 /* AppDelegate.h */,
				7A3CACF2298A2E1600DD1998 /* AppDelegate.m */,
				7A3CACF4298A2E1600DD1998 /* SceneDelegate.h */,
				7A3CACF5298A2E1600DD1998 /* SceneDelegate.m */,
				7A3CACF7298A2E1600DD1998 /* ViewController.h */,
				7A3CACF8298A2E1600DD1998 /* ViewController.mm */,
				7A1FD37F29BB2622006C352F /* XxxxView.h */,
				7A1FD38029BB2622006C352F /* XxxxView.m */,
				7A4B34A829A887C1009753FC /* UECommInterface.h */,
				7A4B34A729A887C1009753FC /* UECommInterface.cpp */,
				7A3CACFA298A2E1600DD1998 /* Main.storyboard */,
				7A3CACFD298A2E1700DD1998 /* Assets.xcassets */,
				7A3CACFF298A2E1700DD1998 /* LaunchScreen.storyboard */,
				7A3CAD02298A2E1700DD1998 /* Info.plist */,
				7A3CAD03298A2E1700DD1998 /* main.m */,
			);
			path = QBTA_Dev;
			sourceTree = "<group>";
		};
		7A3CAD12298A2E7200DD1998 /* Frameworks */ = {
			isa = PBXGroup;
			children = (
				7AD4C22329CACC2C00AFE5A4 /* VideoToolbox.framework */,
				7AC5E8F329CC45F1006FB4C0 /* TXLiteAVSDK_ReplayKitExt.framework */,
				7AD4C22C29CACC2C00AFE5A4 /* libiconv.2.4.0.tbd */,
				7AD4C23429CACC2C00AFE5A4 /* libbz2.1.0.tbd */,
				7AD4C22829CACC2C00AFE5A4 /* libiconv.tbd */,
				7AD4C22B29CACC2C00AFE5A4 /* libresolv.tbd */,
				7AD4C23329CACC2C00AFE5A4 /* libsqlite3.0.tbd */,
				7AD4C22229CACC2C00AFE5A4 /* Photos.framework */,
				7AD4C22E29CACC2C00AFE5A4 /* Metal.framework */,
				7AD4C22529CACC2C00AFE5A4 /* CoreServices.framework */,
				7AD4C22629CACC2C00AFE5A4 /* AudioToolbox.framework */,
				7AD4C22129CACC2C00AFE5A4 /* CoreGraphics.framework */,
				7AD4C22729CACC2C00AFE5A4 /* QuartzCore.framework */,
				7AD4C22929CACC2C00AFE5A4 /* OpenAL.framework */,
				7AD4C22A29CACC2C00AFE5A4 /* MediaToolbox.framework */,
				7AD4C22D29CACC2C00AFE5A4 /* CoreMedia.framework */,
				7AD4C22F29CACC2C00AFE5A4 /* MetalKit.framework */,
				7AD4C23229CACC2C00AFE5A4 /* AVFoundation.framework */,
				7AD4C22429CACC2C00AFE5A4 /* CoreTelephony.framework */,
				7AD4C21F29CACC2C00AFE5A4 /* SystemConfiguration.framework */,
				7AD4C22029CACC2C00AFE5A4 /* libc++.tbd */,
				7AD4C21729CAC82B00AFE5A4 /* TXLiteAVSDK_TRTC.framework */,
				7AD4C23029CACC2C00AFE5A4 /* Accelerate.framework */,
				7A0930BC29D15A190091623E /* ReplayKit.framework */,
				7AD4C1ED29CAC7B500AFE5A4 /* TXFFmpeg.xcframework */,
				7AD4C1EC29CAC7B500AFE5A4 /* TXSoundTouch.xcframework */,
				7AD4C21D29CACB7A00AFE5A4 /* IOSFramework.framework */,
			);
			name = Frameworks;
			sourceTree = "<group>";
		};
		7AC5E95629CD6FB8006FB4C0 /* TXReplayKit_Screen */ = {
			isa = PBXGroup;
			children = (
				7A23EE8F29CD813C00BB3A95 /* TXReplayKit_Screen.entitlements */,
				7AC5E95729CD6FB8006FB4C0 /* SampleHandler.h */,
				7AC5E95829CD6FB8006FB4C0 /* SampleHandler.m */,
				7AC5E95A29CD6FB8006FB4C0 /* Info.plist */,
			);
			path = TXReplayKit_Screen;
			sourceTree = "<group>";
		};
		7ACB5A9D29964FE80005E0D5 /* Products */ = {
			isa = PBXGroup;
			children = (
				7ACB5AA129964FE80005E0D5 /* IOSFramework.framework */,
			);
			name = Products;
			sourceTree = "<group>";
		};
/* End PBXGroup section */

/* Begin PBXNativeTarget section */
		7A3CACED298A2E1600DD1998 /* QBTA_Dev */ = {
			isa = PBXNativeTarget;
			buildConfigurationList = 7A3CAD07298A2E1700DD1998 /* Build configuration list for PBXNativeTarget "QBTA_Dev" */;
			buildPhases = (
				7A3CACEA298A2E1600DD1998 /* Sources */,
				7A3CACEB298A2E1600DD1998 /* Frameworks */,
				7A3CACEC298A2E1600DD1998 /* Resources */,
				7AD4C1E329CAC50200AFE5A4 /* Embed Frameworks */,
				7AC5E8EE29CC4544006FB4C0 /* Embed App Extensions */,
			);
			buildRules = (
			);
			dependencies = (
				7AC5E95C29CD6FB8006FB4C0 /* PBXTargetDependency */,
			);
			name = QBTA_Dev;
			productName = QBTA_Dev;
			productReference = 7A3CACEE298A2E1600DD1998 /* 清元宇宙.app */;
			productType = "com.apple.product-type.application";
		};
		7AC5E95329CD6FB8006FB4C0 /* TXReplayKit_Screen */ = {
			isa = PBXNativeTarget;
			buildConfigurationList = 7AC5E95E29CD6FB9006FB4C0 /* Build configuration list for PBXNativeTarget "TXReplayKit_Screen" */;
			buildPhases = (
				7AC5E95029CD6FB8006FB4C0 /* Sources */,
				7AC5E95129CD6FB8006FB4C0 /* Frameworks */,
				7AC5E95229CD6FB8006FB4C0 /* Resources */,
			);
			buildRules = (
			);
			dependencies = (
			);
			name = TXReplayKit_Screen;
			productName = TXReplayKit_Screen;
			productReference = 7AC5E95429CD6FB8006FB4C0 /* TXReplayKit_Screen.appex */;
			productType = "com.apple.product-type.app-extension";
		};
/* End PBXNativeTarget section */

/* Begin PBXProject section */
		7A3CACE6298A2E1600DD1998 /* Project object */ = {
			isa = PBXProject;
			attributes = {
				BuildIndependentTargetsInParallel = 1;
				LastUpgradeCheck = 1320;
				TargetAttributes = {
					7A3CACED298A2E1600DD1998 = {
						CreatedOnToolsVersion = 13.2;
					};
					7AC5E95329CD6FB8006FB4C0 = {
						CreatedOnToolsVersion = 13.2;
					};
				};
			};
			buildConfigurationList = 7A3CACE9298A2E1600DD1998 /* Build configuration list for PBXProject "QBTA_Dev" */;
			compatibilityVersion = "Xcode 13.0";
			developmentRegion = en;
			hasScannedForEncodings = 0;
			knownRegions = (
				en,
				Base,
			);
			mainGroup = 7A3CACE5298A2E1600DD1998;
			productRefGroup = 7A3CACEF298A2E1600DD1998 /* Products */;
			projectDirPath = "";
			projectReferences = (
				{
					ProductGroup = 7ACB5A9D29964FE80005E0D5 /* Products */;
					ProjectRef = 7ACB5A9C29964FE80005E0D5 /* QB_TA_iOS.xcodeproj */;
				},
			);
			projectRoot = "";
			targets = (
				7A3CACED298A2E1600DD1998 /* QBTA_Dev */,
				7AC5E95329CD6FB8006FB4C0 /* TXReplayKit_Screen */,
			);
		};
/* End PBXProject section */

/* Begin PBXReferenceProxy section */
		7ACB5AA129964FE80005E0D5 /* IOSFramework.framework */ = {
			isa = PBXReferenceProxy;
			fileType = wrapper.framework;
			path = IOSFramework.framework;
			remoteRef = 7ACB5AA029964FE80005E0D5 /* PBXContainerItemProxy */;
			sourceTree = BUILT_PRODUCTS_DIR;
		};
/* End PBXReferenceProxy section */

/* Begin PBXResourcesBuildPhase section */
		7A3CACEC298A2E1600DD1998 /* Resources */ = {
			isa = PBXResourcesBuildPhase;
			buildActionMask = 2147483647;
			files = (
				7AD8A61E299F985400257E1D /* TABundle.bundle in Resources */,
				7A3CAD01298A2E1700DD1998 /* LaunchScreen.storyboard in Resources */,
				7A3CACFE298A2E1700DD1998 /* Assets.xcassets in Resources */,
				7A3CACFC298A2E1600DD1998 /* Main.storyboard in Resources */,
			);
			runOnlyForDeploymentPostprocessing = 0;
		};
		7AC5E95229CD6FB8006FB4C0 /* Resources */ = {
			isa = PBXResourcesBuildPhase;
			buildActionMask = 2147483647;
			files = (
			);
			runOnlyForDeploymentPostprocessing = 0;
		};
/* End PBXResourcesBuildPhase section */

/* Begin PBXSourcesBuildPhase section */
		7A3CACEA298A2E1600DD1998 /* Sources */ = {
			isa = PBXSourcesBuildPhase;
			buildActionMask = 2147483647;
			files = (
				7A3CACF9298A2E1600DD1998 /* ViewController.mm in Sources */,
				7A4B34A929A887C1009753FC /* UECommInterface.cpp in Sources */,
				7A3CACF3298A2E1600DD1998 /* AppDelegate.m in Sources */,
				7A3CAD04298A2E1700DD1998 /* main.m in Sources */,
				7A1FD38129BB2622006C352F /* XxxxView.m in Sources */,
				7A3CACF6298A2E1600DD1998 /* SceneDelegate.m in Sources */,
			);
			runOnlyForDeploymentPostprocessing = 0;
		};
		7AC5E95029CD6FB8006FB4C0 /* Sources */ = {
			isa = PBXSourcesBuildPhase;
			buildActionMask = 2147483647;
			files = (
				7AC5E95929CD6FB8006FB4C0 /* SampleHandler.m in Sources */,
			);
			runOnlyForDeploymentPostprocessing = 0;
		};
/* End PBXSourcesBuildPhase section */

/* Begin PBXTargetDependency section */
		7AC5E95C29CD6FB8006FB4C0 /* PBXTargetDependency */ = {
			isa = PBXTargetDependency;
			target = 7AC5E95329CD6FB8006FB4C0 /* TXReplayKit_Screen */;
			targetProxy = 7AC5E95B29CD6FB8006FB4C0 /* PBXContainerItemProxy */;
		};
/* End PBXTargetDependency section */

/* Begin PBXVariantGroup section */
		7A3CACFA298A2E1600DD1998 /* Main.storyboard */ = {
			isa = PBXVariantGroup;
			children = (
				7A3CACFB298A2E1600DD1998 /* Base */,
			);
			name = Main.storyboard;
			sourceTree = "<group>";
		};
		7A3CACFF298A2E1700DD1998 /* LaunchScreen.storyboard */ = {
			isa = PBXVariantGroup;
			children = (
				7A3CAD00298A2E1700DD1998 /* Base */,
			);
			name = LaunchScreen.storyboard;
			sourceTree = "<group>";
		};
/* End PBXVariantGroup section */

/* Begin XCBuildConfiguration section */
		7A3CAD05298A2E1700DD1998 /* Debug */ = {
			isa = XCBuildConfiguration;
			buildSettings = {
				ALWAYS_SEARCH_USER_PATHS = NO;
				CLANG_ANALYZER_NONNULL = YES;
				CLANG_ANALYZER_NUMBER_OBJECT_CONVERSION = YES_AGGRESSIVE;
				CLANG_CXX_LANGUAGE_STANDARD = "gnu++17";
				CLANG_CXX_LIBRARY = "libc++";
				CLANG_ENABLE_MODULES = YES;
				CLANG_ENABLE_OBJC_ARC = YES;
				CLANG_ENABLE_OBJC_WEAK = YES;
				CLANG_WARN_BLOCK_CAPTURE_AUTORELEASING = YES;
				CLANG_WARN_BOOL_CONVERSION = YES;
				CLANG_WARN_COMMA = YES;
				CLANG_WARN_CONSTANT_CONVERSION = YES;
				CLANG_WARN_DEPRECATED_OBJC_IMPLEMENTATIONS = YES;
				CLANG_WARN_DIRECT_OBJC_ISA_USAGE = YES_ERROR;
				CLANG_WARN_DOCUMENTATION_COMMENTS = YES;
				CLANG_WARN_EMPTY_BODY = YES;
				CLANG_WARN_ENUM_CONVERSION = YES;
				CLANG_WARN_INFINITE_RECURSION = YES;
				CLANG_WARN_INT_CONVERSION = YES;
				CLANG_WARN_NON_LITERAL_NULL_CONVERSION = YES;
				CLANG_WARN_OBJC_IMPLICIT_RETAIN_SELF = YES;
				CLANG_WARN_OBJC_LITERAL_CONVERSION = YES;
				CLANG_WARN_OBJC_ROOT_CLASS = YES_ERROR;
				CLANG_WARN_QUOTED_INCLUDE_IN_FRAMEWORK_HEADER = YES;
				CLANG_WARN_RANGE_LOOP_ANALYSIS = YES;
				CLANG_WARN_STRICT_PROTOTYPES = YES;
				CLANG_WARN_SUSPICIOUS_MOVE = YES;
				CLANG_WARN_UNGUARDED_AVAILABILITY = YES_AGGRESSIVE;
				CLANG_WARN_UNREACHABLE_CODE = YES;
				CLANG_WARN__DUPLICATE_METHOD_MATCH = YES;
				COPY_PHASE_STRIP = NO;
				DEBUG_INFORMATION_FORMAT = dwarf;
				ENABLE_STRICT_OBJC_MSGSEND = YES;
				ENABLE_TESTABILITY = YES;
				GCC_C_LANGUAGE_STANDARD = gnu11;
				GCC_DYNAMIC_NO_PIC = NO;
				GCC_NO_COMMON_BLOCKS = YES;
				GCC_OPTIMIZATION_LEVEL = 0;
				GCC_PREPROCESSOR_DEFINITIONS = (
					"DEBUG=1",
					"$(inherited)",
				);
				GCC_WARN_64_TO_32_BIT_CONVERSION = YES;
				GCC_WARN_ABOUT_RETURN_TYPE = YES_ERROR;
				GCC_WARN_UNDECLARED_SELECTOR = YES;
				GCC_WARN_UNINITIALIZED_AUTOS = YES_AGGRESSIVE;
				GCC_WARN_UNUSED_FUNCTION = YES;
				GCC_WARN_UNUSED_VARIABLE = YES;
				IPHONEOS_DEPLOYMENT_TARGET = 15.2;
				MTL_ENABLE_DEBUG_INFO = INCLUDE_SOURCE;
				MTL_FAST_MATH = YES;
				ONLY_ACTIVE_ARCH = YES;
				SDKROOT = iphoneos;
			};
			name = Debug;
		};
		7A3CAD06298A2E1700DD1998 /* Release */ = {
			isa = XCBuildConfiguration;
			buildSettings = {
				ALWAYS_SEARCH_USER_PATHS = NO;
				CLANG_ANALYZER_NONNULL = YES;
				CLANG_ANALYZER_NUMBER_OBJECT_CONVERSION = YES_AGGRESSIVE;
				CLANG_CXX_LANGUAGE_STANDARD = "gnu++17";
				CLANG_CXX_LIBRARY = "libc++";
				CLANG_ENABLE_MODULES = YES;
				CLANG_ENABLE_OBJC_ARC = YES;
				CLANG_ENABLE_OBJC_WEAK = YES;
				CLANG_WARN_BLOCK_CAPTURE_AUTORELEASING = YES;
				CLANG_WARN_BOOL_CONVERSION = YES;
				CLANG_WARN_COMMA = YES;
				CLANG_WARN_CONSTANT_CONVERSION = YES;
				CLANG_WARN_DEPRECATED_OBJC_IMPLEMENTATIONS = YES;
				CLANG_WARN_DIRECT_OBJC_ISA_USAGE = YES_ERROR;
				CLANG_WARN_DOCUMENTATION_COMMENTS = YES;
				CLANG_WARN_EMPTY_BODY = YES;
				CLANG_WARN_ENUM_CONVERSION = YES;
				CLANG_WARN_INFINITE_RECURSION = YES;
				CLANG_WARN_INT_CONVERSION = YES;
				CLANG_WARN_NON_LITERAL_NULL_CONVERSION = YES;
				CLANG_WARN_OBJC_IMPLICIT_RETAIN_SELF = YES;
				CLANG_WARN_OBJC_LITERAL_CONVERSION = YES;
				CLANG_WARN_OBJC_ROOT_CLASS = YES_ERROR;
				CLANG_WARN_QUOTED_INCLUDE_IN_FRAMEWORK_HEADER = YES;
				CLANG_WARN_RANGE_LOOP_ANALYSIS = YES;
				CLANG_WARN_STRICT_PROTOTYPES = YES;
				CLANG_WARN_SUSPICIOUS_MOVE = YES;
				CLANG_WARN_UNGUARDED_AVAILABILITY = YES_AGGRESSIVE;
				CLANG_WARN_UNREACHABLE_CODE = YES;
				CLANG_WARN__DUPLICATE_METHOD_MATCH = YES;
				COPY_PHASE_STRIP = NO;
				DEBUG_INFORMATION_FORMAT = "dwarf-with-dsym";
				ENABLE_NS_ASSERTIONS = NO;
				ENABLE_STRICT_OBJC_MSGSEND = YES;
				GCC_C_LANGUAGE_STANDARD = gnu11;
				GCC_NO_COMMON_BLOCKS = YES;
				GCC_WARN_64_TO_32_BIT_CONVERSION = YES;
				GCC_WARN_ABOUT_RETURN_TYPE = YES_ERROR;
				GCC_WARN_UNDECLARED_SELECTOR = YES;
				GCC_WARN_UNINITIALIZED_AUTOS = YES_AGGRESSIVE;
				GCC_WARN_UNUSED_FUNCTION = YES;
				GCC_WARN_UNUSED_VARIABLE = YES;
				IPHONEOS_DEPLOYMENT_TARGET = 15.2;
				MTL_ENABLE_DEBUG_INFO = NO;
				MTL_FAST_MATH = YES;
				SDKROOT = iphoneos;
				VALIDATE_PRODUCT = YES;
			};
			name = Release;
		};
		7A3CAD08298A2E1700DD1998 /* Debug */ = {
			isa = XCBuildConfiguration;
			buildSettings = {
				ASSETCATALOG_COMPILER_APPICON_NAME = AppIcon;
				ASSETCATALOG_COMPILER_GLOBAL_ACCENT_COLOR_NAME = AccentColor;
				CODE_SIGN_ENTITLEMENTS = QBTA_Dev/QBTA_Dev.entitlements;
				CODE_SIGN_IDENTITY = "iPhone Developer";
				CODE_SIGN_STYLE = Manual;
				CURRENT_PROJECT_VERSION = 1;
				DEVELOPMENT_TEAM = 89A8Q6ZH7H;
				ENABLE_BITCODE = NO;
				FRAMEWORK_SEARCH_PATHS = (
					"$(inherited)",
					"$(PROJECT_DIR)",
					"$(PROJECT_DIR)/QB_TA_iOS/IOSFramework/Third/TX",
				);
				GENERATE_INFOPLIST_FILE = YES;
				HEADER_SEARCH_PATHS = "\"$(SRCROOT)/../QB_TA_iOS/IOSFramework\"";
				INFOPLIST_FILE = QBTA_Dev/Info.plist;
				INFOPLIST_KEY_NSCameraUsageDescription = "需要访问您的相机权限，开启后录制才会有画面";
				INFOPLIST_KEY_NSMicrophoneUsageDescription = "需要访问您的麦克风权限，开启后才能使用语音功能";
				INFOPLIST_KEY_UIApplicationSupportsIndirectInputEvents = YES;
				INFOPLIST_KEY_UILaunchStoryboardName = LaunchScreen;
				INFOPLIST_KEY_UIMainStoryboardFile = Main;
				INFOPLIST_KEY_UISupportedInterfaceOrientations = "UIInterfaceOrientationLandscapeRight UIInterfaceOrientationLandscapeLeft UIInterfaceOrientationPortrait";
				INFOPLIST_KEY_UISupportedInterfaceOrientations_iPad = "UIInterfaceOrientationPortrait UIInterfaceOrientationPortraitUpsideDown UIInterfaceOrientationLandscapeLeft UIInterfaceOrientationLandscapeRight";
				INFOPLIST_KEY_UISupportedInterfaceOrientations_iPhone = "UIInterfaceOrientationPortrait UIInterfaceOrientationLandscapeLeft UIInterfaceOrientationLandscapeRight";
				IPHONEOS_DEPLOYMENT_TARGET = 12.0;
				LD_RUNPATH_SEARCH_PATHS = (
					"$(inherited)",
					"@executable_path/Frameworks",
				);
				MARKETING_VERSION = 1.0;
				OTHER_LDFLAGS = "-ObjC";
				PRODUCT_BUNDLE_IDENTIFIER = com.gsdata.qingMetaverse;
				PRODUCT_NAME = "清元宇宙";
				PROVISIONING_PROFILE_SPECIFIER = qingMetaverseDev;
				SWIFT_EMIT_LOC_STRINGS = YES;
				TARGETED_DEVICE_FAMILY = 1;
			};
			name = Debug;
		};
		7A3CAD09298A2E1700DD1998 /* Release */ = {
			isa = XCBuildConfiguration;
			buildSettings = {
				ASSETCATALOG_COMPILER_APPICON_NAME = AppIcon;
				ASSETCATALOG_COMPILER_GLOBAL_ACCENT_COLOR_NAME = AccentColor;
				CODE_SIGN_ENTITLEMENTS = QBTA_Dev/QBTA_Dev.entitlements;
				CODE_SIGN_IDENTITY = "iPhone Developer";
				CODE_SIGN_STYLE = Manual;
				CURRENT_PROJECT_VERSION = 1;
				DEVELOPMENT_TEAM = 89A8Q6ZH7H;
				ENABLE_BITCODE = NO;
				FRAMEWORK_SEARCH_PATHS = (
					"$(inherited)",
					"$(PROJECT_DIR)",
					"$(PROJECT_DIR)/QB_TA_iOS/IOSFramework/Third/TX",
				);
				GENERATE_INFOPLIST_FILE = YES;
				HEADER_SEARCH_PATHS = "\"$(SRCROOT)/../QB_TA_iOS/IOSFramework\"";
				INFOPLIST_FILE = QBTA_Dev/Info.plist;
				INFOPLIST_KEY_NSCameraUsageDescription = "需要访问您的相机权限，开启后录制才会有画面";
				INFOPLIST_KEY_NSMicrophoneUsageDescription = "需要访问您的麦克风权限，开启后才能使用语音功能";
				INFOPLIST_KEY_UIApplicationSupportsIndirectInputEvents = YES;
				INFOPLIST_KEY_UILaunchStoryboardName = LaunchScreen;
				INFOPLIST_KEY_UIMainStoryboardFile = Main;
				INFOPLIST_KEY_UISupportedInterfaceOrientations = "UIInterfaceOrientationLandscapeRight UIInterfaceOrientationLandscapeLeft UIInterfaceOrientationPortrait";
				INFOPLIST_KEY_UISupportedInterfaceOrientations_iPad = "UIInterfaceOrientationPortrait UIInterfaceOrientationPortraitUpsideDown UIInterfaceOrientationLandscapeLeft UIInterfaceOrientationLandscapeRight";
				INFOPLIST_KEY_UISupportedInterfaceOrientations_iPhone = "UIInterfaceOrientationPortrait UIInterfaceOrientationLandscapeLeft UIInterfaceOrientationLandscapeRight";
				IPHONEOS_DEPLOYMENT_TARGET = 12.0;
				LD_RUNPATH_SEARCH_PATHS = (
					"$(inherited)",
					"@executable_path/Frameworks",
				);
				MARKETING_VERSION = 1.0;
				OTHER_LDFLAGS = "-ObjC";
				PRODUCT_BUNDLE_IDENTIFIER = com.gsdata.qingMetaverse;
				PRODUCT_NAME = "清元宇宙";
				PROVISIONING_PROFILE_SPECIFIER = qingMetaverseDev;
				SWIFT_EMIT_LOC_STRINGS = YES;
				TARGETED_DEVICE_FAMILY = 1;
			};
			name = Release;
		};
		7AC5E95F29CD6FB9006FB4C0 /* Debug */ = {
			isa = XCBuildConfiguration;
			buildSettings = {
				CODE_SIGN_ENTITLEMENTS = TXReplayKit_Screen/TXReplayKit_Screen.entitlements;
				CODE_SIGN_IDENTITY = "iPhone Developer";
				CODE_SIGN_STYLE = Manual;
				CURRENT_PROJECT_VERSION = 1;
				DEVELOPMENT_TEAM = 89A8Q6ZH7H;
				ENABLE_BITCODE = NO;
				FRAMEWORK_SEARCH_PATHS = (
					"$(inherited)",
					"$(PROJECT_DIR)/QB_TA_iOS/IOSFramework/Third/TX",
				);
				GENERATE_INFOPLIST_FILE = YES;
				INFOPLIST_FILE = TXReplayKit_Screen/Info.plist;
				INFOPLIST_KEY_CFBundleDisplayName = "清元宇宙";
				INFOPLIST_KEY_NSHumanReadableCopyright = "";
				IPHONEOS_DEPLOYMENT_TARGET = 12.0;
				LD_RUNPATH_SEARCH_PATHS = (
					"$(inherited)",
					"@executable_path/Frameworks",
					"@executable_path/../../Frameworks",
				);
				MARKETING_VERSION = 1.0;
				PRODUCT_BUNDLE_IDENTIFIER = "com.gsdata.qingMetaverse.QBTA-Ext";
				PRODUCT_NAME = "$(TARGET_NAME)";
				PROVISIONING_PROFILE_SPECIFIER = QBTAExtDev;
				SKIP_INSTALL = YES;
				SWIFT_EMIT_LOC_STRINGS = YES;
				TARGETED_DEVICE_FAMILY = "1,2";
			};
			name = Debug;
		};
		7AC5E96029CD6FB9006FB4C0 /* Release */ = {
			isa = XCBuildConfiguration;
			buildSettings = {
				CODE_SIGN_ENTITLEMENTS = TXReplayKit_Screen/TXReplayKit_Screen.entitlements;
				CODE_SIGN_IDENTITY = "iPhone Distribution";
				CODE_SIGN_STYLE = Manual;
				CURRENT_PROJECT_VERSION = 1;
				DEVELOPMENT_TEAM = 89A8Q6ZH7H;
				ENABLE_BITCODE = NO;
				FRAMEWORK_SEARCH_PATHS = (
					"$(inherited)",
					"$(PROJECT_DIR)/QB_TA_iOS/IOSFramework/Third/TX",
				);
				GENERATE_INFOPLIST_FILE = YES;
				INFOPLIST_FILE = TXReplayKit_Screen/Info.plist;
				INFOPLIST_KEY_CFBundleDisplayName = "清元宇宙";
				INFOPLIST_KEY_NSHumanReadableCopyright = "";
				IPHONEOS_DEPLOYMENT_TARGET = 12.0;
				LD_RUNPATH_SEARCH_PATHS = (
					"$(inherited)",
					"@executable_path/Frameworks",
					"@executable_path/../../Frameworks",
				);
				MARKETING_VERSION = 1.0;
				PRODUCT_BUNDLE_IDENTIFIER = "com.gsdata.qingMetaverse.QBTA-Ext";
				PRODUCT_NAME = "$(TARGET_NAME)";
				PROVISIONING_PROFILE_SPECIFIER = QBTAExtAdHoc;
				SKIP_INSTALL = YES;
				SWIFT_EMIT_LOC_STRINGS = YES;
				TARGETED_DEVICE_FAMILY = "1,2";
			};
			name = Release;
		};
/* End XCBuildConfiguration section */

/* Begin XCConfigurationList section */
		7A3CACE9298A2E1600DD1998 /* Build configuration list for PBXProject "QBTA_Dev" */ = {
			isa = XCConfigurationList;
			buildConfigurations = (
				7A3CAD05298A2E1700DD1998 /* Debug */,
				7A3CAD06298A2E1700DD1998 /* Release */,
			);
			defaultConfigurationIsVisible = 0;
			defaultConfigurationName = Release;
		};
		7A3CAD07298A2E1700DD1998 /* Build configuration list for PBXNativeTarget "QBTA_Dev" */ = {
			isa = XCConfigurationList;
			buildConfigurations = (
				7A3CAD08298A2E1700DD1998 /* Debug */,
				7A3CAD09298A2E1700DD1998 /* Release */,
			);
			defaultConfigurationIsVisible = 0;
			defaultConfigurationName = Release;
		};
		7AC5E95E29CD6FB9006FB4C0 /* Build configuration list for PBXNativeTarget "TXReplayKit_Screen" */ = {
			isa = XCConfigurationList;
			buildConfigurations = (
				7AC5E95F29CD6FB9006FB4C0 /* Debug */,
				7AC5E96029CD6FB9006FB4C0 /* Release */,
			);
			defaultConfigurationIsVisible = 0;
			defaultConfigurationName = Release;
		};
/* End XCConfigurationList section */
	};
	rootObject = 7A3CACE6298A2E1600DD1998 /* Project object */;
}
